
Microsoft Visual Studio Solution File, Format Version 12.00
# Visual Studio Version 16
VisualStudioVersion = 25.0.1700.0
MinimumVisualStudioVersion = 10.0.40219.1
Project("{FAE04EC0-301F-11D3-BF4B-00C04F79EFBC}") = "farsiDictApp", "farsiDictApp.csproj", "{42FFE416-8A2E-4CE2-91CB-39799EECF54E}"
EndProject
Global
	GlobalSection(SolutionConfigurationPlatforms) = preSolution
		Debug|Any CPU = Debug|Any CPU
		Release|Any CPU = Release|Any CPU
	EndGlobalSection
	GlobalSection(ProjectConfigurationPlatforms) = postSolution
		{42FFE416-8A2E-4CE2-91CB-39799EECF54E}.Debug|Any CPU.ActiveCfg = Debug|Any CPU
		{42FFE416-8A2E-4CE2-91CB-39799EECF54E}.Debug|Any CPU.Build.0 = Debug|Any CPU
		{42FFE416-8A2E-4CE2-91CB-39799EECF54E}.Release|Any CPU.ActiveCfg = Release|Any CPU
		{42FFE416-8A2E-4CE2-91CB-39799EECF54E}.Release|Any CPU.Build.0 = Release|Any CPU
	EndGlobalSection
	GlobalSection(SolutionProperties) = preSolution
		HideSolutionNode = FALSE
	EndGlobalSection
	GlobalSection(ExtensibilityGlobals) = postSolution
		SolutionGuid = {1F73F25C-6020-444B-ADD1-2B4FA1664AE3}
	EndGlobalSection
EndGlobal
