
Microsoft Visual Studio Solution File, Format Version 12.00
# Visual Studio Version 16
VisualStudioVersion = 25.0.1700.0
MinimumVisualStudioVersion = 10.0.40219.1
Project("{FAE04EC0-301F-11D3-BF4B-00C04F79EFBC}") = "App", "App.csproj", "{0A701640-D5B9-489E-914D-17C038B91602}"
EndProject
Global
	GlobalSection(SolutionConfigurationPlatforms) = preSolution
		Debug|Any CPU = Debug|Any CPU
		Release|Any CPU = Release|Any CPU
	EndGlobalSection
	GlobalSection(ProjectConfigurationPlatforms) = postSolution
		{0A701640-D5B9-489E-914D-17C038B91602}.Debug|Any CPU.ActiveCfg = Debug|Any CPU
		{0A701640-D5B9-489E-914D-17C038B91602}.Debug|Any CPU.Build.0 = Debug|Any CPU
		{0A701640-D5B9-489E-914D-17C038B91602}.Release|Any CPU.ActiveCfg = Release|Any CPU
		{0A701640-D5B9-489E-914D-17C038B91602}.Release|Any CPU.Build.0 = Release|Any CPU
	EndGlobalSection
	GlobalSection(SolutionProperties) = preSolution
		HideSolutionNode = FALSE
	EndGlobalSection
	GlobalSection(ExtensibilityGlobals) = postSolution
		SolutionGuid = {7AE20CC9-B729-4E87-8BF0-614DDB06DA92}
	EndGlobalSection
EndGlobal
